// !$*UTF8*$!
{
	archiveVersion = 1;
	classes = {
	};
	objectVersion = 56;
	objects = {

/* Begin PBXBuildFile section */
		D301FD902A31DC88000218F5 /* AppDelegate.swift in Sources */ = {isa = PBXBuildFile; fileRef = D301FD8F2A31DC88000218F5 /* AppDelegate.swift */; };
		D301FD922A31DC88000218F5 /* SceneDelegate.swift in Sources */ = {isa = PBXBuildFile; fileRef = D301FD912A31DC88000218F5 /* SceneDelegate.swift */; };
		D301FD992A31DC89000218F5 /* Assets.xcassets in Resources */ = {isa = PBXBuildFile; fileRef = D301FD982A31DC89000218F5 /* Assets.xcassets */; };
		D301FD9C2A31DC89000218F5 /* LaunchScreen.storyboard in Resources */ = {isa = PBXBuildFile; fileRef = D301FD9A2A31DC89000218F5 /* LaunchScreen.storyboard */; };
		D301FDA52A31E8BA000218F5 /* course.json in Resources */ = {isa = PBXBuildFile; fileRef = D301FDA42A31E8BA000218F5 /* course.json */; };
		D301FDA82A31E973000218F5 /* Lectrure.swift in Sources */ = {isa = PBXBuildFile; fileRef = D301FDA72A31E973000218F5 /* Lectrure.swift */; };
		D301FDAA2A31EA1D000218F5 /* Course.swift in Sources */ = {isa = PBXBuildFile; fileRef = D301FDA92A31EA1D000218F5 /* Course.swift */; };
		D301FDAC2A31EC53000218F5 /* CourseStorage.swift in Sources */ = {isa = PBXBuildFile; fileRef = D301FDAB2A31EC53000218F5 /* CourseStorage.swift */; };
		D301FDAE2A31F026000218F5 /* CourseTableViewController.swift in Sources */ = {isa = PBXBuildFile; fileRef = D301FDAD2A31F026000218F5 /* CourseTableViewController.swift */; };
		D32C96812A3203FF005FE7EF /* LectureViewController.swift in Sources */ = {isa = PBXBuildFile; fileRef = D32C96802A3203FF005FE7EF /* LectureViewController.swift */; };
/* End PBXBuildFile section */

/* Begin PBXFileReference section */
		D301FD8C2A31DC88000218F5 /* YandexLecture.app */ = {isa = PBXFileReference; explicitFileType = wrapper.application; includeInIndex = 0; path = YandexLecture.app; sourceTree = BUILT_PRODUCTS_DIR; };
		D301FD8F2A31DC88000218F5 /* AppDelegate.swift */ = {isa = PBXFileReference; lastKnownFileType = sourcecode.swift; path = AppDelegate.swift; sourceTree = "<group>"; };
		D301FD912A31DC88000218F5 /* SceneDelegate.swift */ = {isa = PBXFileReference; lastKnownFileType = sourcecode.swift; path = SceneDelegate.swift; sourceTree = "<group>"; };
		D301FD982A31DC89000218F5 /* Assets.xcassets */ = {isa = PBXFileReference; lastKnownFileType = folder.assetcatalog; path = Assets.xcassets; sourceTree = "<group>"; };
		D301FD9B2A31DC89000218F5 /* Base */ = {isa = PBXFileReference; lastKnownFileType = file.storyboard; name = Base; path = Base.lproj/LaunchScreen.storyboard; sourceTree = "<group>"; };
		D301FD9D2A31DC89000218F5 /* Info.plist */ = {isa = PBXFileReference; lastKnownFileType = text.plist.xml; path = Info.plist; sourceTree = "<group>"; };
		D301FDA42A31E8BA000218F5 /* course.json */ = {isa = PBXFileReference; fileEncoding = 4; lastKnownFileType = text.json; path = course.json; sourceTree = "<group>"; };
		D301FDA72A31E973000218F5 /* Lectrure.swift */ = {isa = PBXFileReference; lastKnownFileType = sourcecode.swift; path = Lectrure.swift; sourceTree = "<group>"; };
		D301FDA92A31EA1D000218F5 /* Course.swift */ = {isa = PBXFileReference; lastKnownFileType = sourcecode.swift; path = Course.swift; sourceTree = "<group>"; };
		D301FDAB2A31EC53000218F5 /* CourseStorage.swift */ = {isa = PBXFileReference; lastKnownFileType = sourcecode.swift; path = CourseStorage.swift; sourceTree = "<group>"; };
		D301FDAD2A31F026000218F5 /* CourseTableViewController.swift */ = {isa = PBXFileReference; lastKnownFileType = sourcecode.swift; path = CourseTableViewController.swift; sourceTree = "<group>"; };
		D32C96802A3203FF005FE7EF /* LectureViewController.swift */ = {isa = PBXFileReference; lastKnownFileType = sourcecode.swift; path = LectureViewController.swift; sourceTree = "<group>"; };
/* End PBXFileReference section */

/* Begin PBXFrameworksBuildPhase section */
		D301FD892A31DC88000218F5 /* Frameworks */ = {
			isa = PBXFrameworksBuildPhase;
			buildActionMask = 2147483647;
			files = (
			);
			runOnlyForDeploymentPostprocessing = 0;
		};
/* End PBXFrameworksBuildPhase section */

/* Begin PBXGroup section */
		D301FD832A31DC88000218F5 = {
			isa = PBXGroup;
			children = (
				D301FD8E2A31DC88000218F5 /* YandexLecture */,
				D301FD8D2A31DC88000218F5 /* Products */,
			);
			sourceTree = "<group>";
		};
		D301FD8D2A31DC88000218F5 /* Products */ = {
			isa = PBXGroup;
			children = (
				D301FD8C2A31DC88000218F5 /* YandexLecture.app */,
			);
			name = Products;
			sourceTree = "<group>";
		};
		D301FD8E2A31DC88000218F5 /* YandexLecture */ = {
			isa = PBXGroup;
			children = (
				D32C967F2A320305005FE7EF /* UI */,
				D301FDA62A31E944000218F5 /* Model */,
				D301FDA32A31E874000218F5 /* DataLecture */,
				D32C967E2A3202F4005FE7EF /* Helping */,
				D301FD9D2A31DC89000218F5 /* Info.plist */,
			);
			path = YandexLecture;
			sourceTree = "<group>";
		};
		D301FDA32A31E874000218F5 /* DataLecture */ = {
			isa = PBXGroup;
			children = (
				D301FDA42A31E8BA000218F5 /* course.json */,
				D301FDAB2A31EC53000218F5 /* CourseStorage.swift */,
			);
			path = DataLecture;
			sourceTree = "<group>";
		};
		D301FDA62A31E944000218F5 /* Model */ = {
			isa = PBXGroup;
			children = (
				D301FDA72A31E973000218F5 /* Lectrure.swift */,
				D301FDA92A31EA1D000218F5 /* Course.swift */,
			);
			path = Model;
			sourceTree = "<group>";
		};
		D32C967E2A3202F4005FE7EF /* Helping */ = {
			isa = PBXGroup;
			children = (
				D301FD8F2A31DC88000218F5 /* AppDelegate.swift */,
				D301FD912A31DC88000218F5 /* SceneDelegate.swift */,
				D301FD982A31DC89000218F5 /* Assets.xcassets */,
				D301FD9A2A31DC89000218F5 /* LaunchScreen.storyboard */,
			);
			path = Helping;
			sourceTree = "<group>";
		};
		D32C967F2A320305005FE7EF /* UI */ = {
			isa = PBXGroup;
			children = (
				D301FDAD2A31F026000218F5 /* CourseTableViewController.swift */,
				D32C96802A3203FF005FE7EF /* LectureViewController.swift */,
			);
			path = UI;
			sourceTree = "<group>";
		};
/* End PBXGroup section */

/* Begin PBXNativeTarget section */
		D301FD8B2A31DC88000218F5 /* YandexLecture */ = {
			isa = PBXNativeTarget;
			buildConfigurationList = D301FDA02A31DC89000218F5 /* Build configuration list for PBXNativeTarget "YandexLecture" */;
			buildPhases = (
				D301FD882A31DC88000218F5 /* Sources */,
				D301FD892A31DC88000218F5 /* Frameworks */,
				D301FD8A2A31DC88000218F5 /* Resources */,
			);
			buildRules = (
			);
			dependencies = (
			);
			name = YandexLecture;
			productName = YandexLecture;
			productReference = D301FD8C2A31DC88000218F5 /* YandexLecture.app */;
			productType = "com.apple.product-type.application";
		};
/* End PBXNativeTarget section */

/* Begin PBXProject section */
		D301FD842A31DC88000218F5 /* Project object */ = {
			isa = PBXProject;
			attributes = {
				BuildIndependentTargetsInParallel = 1;
				LastSwiftUpdateCheck = 1430;
				LastUpgradeCheck = 1430;
				TargetAttributes = {
					D301FD8B2A31DC88000218F5 = {
						CreatedOnToolsVersion = 14.3.1;
					};
				};
			};
			buildConfigurationList = D301FD872A31DC88000218F5 /* Build configuration list for PBXProject "YandexLecture" */;
			compatibilityVersion = "Xcode 14.0";
			developmentRegion = en;
			hasScannedForEncodings = 0;
			knownRegions = (
				en,
				Base,
			);
			mainGroup = D301FD832A31DC88000218F5;
			productRefGroup = D301FD8D2A31DC88000218F5 /* Products */;
			projectDirPath = "";
			projectRoot = "";
			targets = (
				D301FD8B2A31DC88000218F5 /* YandexLecture */,
			);
		};
/* End PBXProject section */

/* Begin PBXResourcesBuildPhase section */
		D301FD8A2A31DC88000218F5 /* Resources */ = {
			isa = PBXResourcesBuildPhase;
			buildActionMask = 2147483647;
			files = (
				D301FD9C2A31DC89000218F5 /* LaunchScreen.storyboard in Resources */,
				D301FD992A31DC89000218F5 /* Assets.xcassets in Resources */,
				D301FDA52A31E8BA000218F5 /* course.json in Resources */,
			);
			runOnlyForDeploymentPostprocessing = 0;
		};
/* End PBXResourcesBuildPhase section */

/* Begin PBXSourcesBuildPhase section */
		D301FD882A31DC88000218F5 /* Sources */ = {
			isa = PBXSourcesBuildPhase;
			buildActionMask = 2147483647;
			files = (
				D301FDAC2A31EC53000218F5 /* CourseStorage.swift in Sources */,
				D32C96812A3203FF005FE7EF /* LectureViewController.swift in Sources */,
				D301FD902A31DC88000218F5 /* AppDelegate.swift in Sources */,
				D301FDAA2A31EA1D000218F5 /* Course.swift in Sources */,
				D301FDAE2A31F026000218F5 /* CourseTableViewController.swift in Sources */,
				D301FD922A31DC88000218F5 /* SceneDelegate.swift in Sources */,
				D301FDA82A31E973000218F5 /* Lectrure.swift in Sources */,
			);
			runOnlyForDeploymentPostprocessing = 0;
		};
/* End PBXSourcesBuildPhase section */

/* Begin PBXVariantGroup section */
		D301FD9A2A31DC89000218F5 /* LaunchScreen.storyboard */ = {
			isa = PBXVariantGroup;
			children = (
				D301FD9B2A31DC89000218F5 /* Base */,
			);
			name = LaunchScreen.storyboard;
			sourceTree = "<group>";
		};
/* End PBXVariantGroup section */

/* Begin XCBuildConfiguration section */
		D301FD9E2A31DC89000218F5 /* Debug */ = {
			isa = XCBuildConfiguration;
			buildSettings = {
				ALWAYS_SEARCH_USER_PATHS = NO;
				CLANG_ANALYZER_NONNULL = YES;
				CLANG_ANALYZER_NUMBER_OBJECT_CONVERSION = YES_AGGRESSIVE;
				CLANG_CXX_LANGUAGE_STANDARD = "gnu++20";
				CLANG_ENABLE_MODULES = YES;
				CLANG_ENABLE_OBJC_ARC = YES;
				CLANG_ENABLE_OBJC_WEAK = YES;
				CLANG_WARN_BLOCK_CAPTURE_AUTORELEASING = YES;
				CLANG_WARN_BOOL_CONVERSION = YES;
				CLANG_WARN_COMMA = YES;
				CLANG_WARN_CONSTANT_CONVERSION = YES;
				CLANG_WARN_DEPRECATED_OBJC_IMPLEMENTATIONS = YES;
				CLANG_WARN_DIRECT_OBJC_ISA_USAGE = YES_ERROR;
				CLANG_WARN_DOCUMENTATION_COMMENTS = YES;
				CLANG_WARN_EMPTY_BODY = YES;
				CLANG_WARN_ENUM_CONVERSION = YES;
				CLANG_WARN_INFINITE_RECURSION = YES;
				CLANG_WARN_INT_CONVERSION = YES;
				CLANG_WARN_NON_LITERAL_NULL_CONVERSION = YES;
				CLANG_WARN_OBJC_IMPLICIT_RETAIN_SELF = YES;
				CLANG_WARN_OBJC_LITERAL_CONVERSION = YES;
				CLANG_WARN_OBJC_ROOT_CLASS = YES_ERROR;
				CLANG_WARN_QUOTED_INCLUDE_IN_FRAMEWORK_HEADER = YES;
				CLANG_WARN_RANGE_LOOP_ANALYSIS = YES;
				CLANG_WARN_STRICT_PROTOTYPES = YES;
				CLANG_WARN_SUSPICIOUS_MOVE = YES;
				CLANG_WARN_UNGUARDED_AVAILABILITY = YES_AGGRESSIVE;
				CLANG_WARN_UNREACHABLE_CODE = YES;
				CLANG_WARN__DUPLICATE_METHOD_MATCH = YES;
				COPY_PHASE_STRIP = NO;
				DEBUG_INFORMATION_FORMAT = dwarf;
				ENABLE_STRICT_OBJC_MSGSEND = YES;
				ENABLE_TESTABILITY = YES;
				GCC_C_LANGUAGE_STANDARD = gnu11;
				GCC_DYNAMIC_NO_PIC = NO;
				GCC_NO_COMMON_BLOCKS = YES;
				GCC_OPTIMIZATION_LEVEL = 0;
				GCC_PREPROCESSOR_DEFINITIONS = (
					"DEBUG=1",
					"$(inherited)",
				);
				GCC_WARN_64_TO_32_BIT_CONVERSION = YES;
				GCC_WARN_ABOUT_RETURN_TYPE = YES_ERROR;
				GCC_WARN_UNDECLARED_SELECTOR = YES;
				GCC_WARN_UNINITIALIZED_AUTOS = YES_AGGRESSIVE;
				GCC_WARN_UNUSED_FUNCTION = YES;
				GCC_WARN_UNUSED_VARIABLE = YES;
				IPHONEOS_DEPLOYMENT_TARGET = 16.4;
				MTL_ENABLE_DEBUG_INFO = INCLUDE_SOURCE;
				MTL_FAST_MATH = YES;
				ONLY_ACTIVE_ARCH = YES;
				SDKROOT = iphoneos;
				SWIFT_ACTIVE_COMPILATION_CONDITIONS = DEBUG;
				SWIFT_OPTIMIZATION_LEVEL = "-Onone";
			};
			name = Debug;
		};
		D301FD9F2A31DC89000218F5 /* Release */ = {
			isa = XCBuildConfiguration;
			buildSettings = {
				ALWAYS_SEARCH_USER_PATHS = NO;
				CLANG_ANALYZER_NONNULL = YES;
				CLANG_ANALYZER_NUMBER_OBJECT_CONVERSION = YES_AGGRESSIVE;
				CLANG_CXX_LANGUAGE_STANDARD = "gnu++20";
				CLANG_ENABLE_MODULES = YES;
				CLANG_ENABLE_OBJC_ARC = YES;
				CLANG_ENABLE_OBJC_WEAK = YES;
				CLANG_WARN_BLOCK_CAPTURE_AUTORELEASING = YES;
				CLANG_WARN_BOOL_CONVERSION = YES;
				CLANG_WARN_COMMA = YES;
				CLANG_WARN_CONSTANT_CONVERSION = YES;
				CLANG_WARN_DEPRECATED_OBJC_IMPLEMENTATIONS = YES;
				CLANG_WARN_DIRECT_OBJC_ISA_USAGE = YES_ERROR;
				CLANG_WARN_DOCUMENTATION_COMMENTS = YES;
				CLANG_WARN_EMPTY_BODY = YES;
				CLANG_WARN_ENUM_CONVERSION = YES;
				CLANG_WARN_INFINITE_RECURSION = YES;
				CLANG_WARN_INT_CONVERSION = YES;
				CLANG_WARN_NON_LITERAL_NULL_CONVERSION = YES;
				CLANG_WARN_OBJC_IMPLICIT_RETAIN_SELF = YES;
				CLANG_WARN_OBJC_LITERAL_CONVERSION = YES;
				CLANG_WARN_OBJC_ROOT_CLASS = YES_ERROR;
				CLANG_WARN_QUOTED_INCLUDE_IN_FRAMEWORK_HEADER = YES;
				CLANG_WARN_RANGE_LOOP_ANALYSIS = YES;
				CLANG_WARN_STRICT_PROTOTYPES = YES;
				CLANG_WARN_SUSPICIOUS_MOVE = YES;
				CLANG_WARN_UNGUARDED_AVAILABILITY = YES_AGGRESSIVE;
				CLANG_WARN_UNREACHABLE_CODE = YES;
				CLANG_WARN__DUPLICATE_METHOD_MATCH = YES;
				COPY_PHASE_STRIP = NO;
				DEBUG_INFORMATION_FORMAT = "dwarf-with-dsym";
				ENABLE_NS_ASSERTIONS = NO;
				ENABLE_STRICT_OBJC_MSGSEND = YES;
				GCC_C_LANGUAGE_STANDARD = gnu11;
				GCC_NO_COMMON_BLOCKS = YES;
				GCC_WARN_64_TO_32_BIT_CONVERSION = YES;
				GCC_WARN_ABOUT_RETURN_TYPE = YES_ERROR;
				GCC_WARN_UNDECLARED_SELECTOR = YES;
				GCC_WARN_UNINITIALIZED_AUTOS = YES_AGGRESSIVE;
				GCC_WARN_UNUSED_FUNCTION = YES;
				GCC_WARN_UNUSED_VARIABLE = YES;
				IPHONEOS_DEPLOYMENT_TARGET = 16.4;
				MTL_ENABLE_DEBUG_INFO = NO;
				MTL_FAST_MATH = YES;
				SDKROOT = iphoneos;
				SWIFT_COMPILATION_MODE = wholemodule;
				SWIFT_OPTIMIZATION_LEVEL = "-O";
				VALIDATE_PRODUCT = YES;
			};
			name = Release;
		};
		D301FDA12A31DC89000218F5 /* Debug */ = {
			isa = XCBuildConfiguration;
			buildSettings = {
				ASSETCATALOG_COMPILER_APPICON_NAME = AppIcon;
				ASSETCATALOG_COMPILER_GLOBAL_ACCENT_COLOR_NAME = AccentColor;
				CODE_SIGN_STYLE = Automatic;
				CURRENT_PROJECT_VERSION = 1;
				DEVELOPMENT_TEAM = ATN68Q8Z3E;
				GENERATE_INFOPLIST_FILE = YES;
				INFOPLIST_FILE = YandexLecture/Info.plist;
				INFOPLIST_KEY_UIApplicationSupportsIndirectInputEvents = YES;
				INFOPLIST_KEY_UILaunchStoryboardName = LaunchScreen;
				INFOPLIST_KEY_UISupportedInterfaceOrientations_iPad = "UIInterfaceOrientationPortrait UIInterfaceOrientationPortraitUpsideDown UIInterfaceOrientationLandscapeLeft UIInterfaceOrientationLandscapeRight";
				INFOPLIST_KEY_UISupportedInterfaceOrientations_iPhone = "UIInterfaceOrientationPortrait UIInterfaceOrientationLandscapeLeft UIInterfaceOrientationLandscapeRight";
				LD_RUNPATH_SEARCH_PATHS = (
					"$(inherited)",
					"@executable_path/Frameworks",
				);
				MARKETING_VERSION = 1.0;
				PRODUCT_BUNDLE_IDENTIFIER = "Shakhvorostov-Michail.YandexLecture";
				PRODUCT_NAME = "$(TARGET_NAME)";
				SUPPORTED_PLATFORMS = "iphoneos iphonesimulator";
				SUPPORTS_MACCATALYST = NO;
				SUPPORTS_MAC_DESIGNED_FOR_IPHONE_IPAD = NO;
				SWIFT_EMIT_LOC_STRINGS = YES;
				SWIFT_VERSION = 5.0;
				TARGETED_DEVICE_FAMILY = 1;
			};
			name = Debug;
		};
		D301FDA22A31DC89000218F5 /* Release */ = {
			isa = XCBuildConfiguration;
			buildSettings = {
				ASSETCATALOG_COMPILER_APPICON_NAME = AppIcon;
				ASSETCATALOG_COMPILER_GLOBAL_ACCENT_COLOR_NAME = AccentColor;
				CODE_SIGN_STYLE = Automatic;
				CURRENT_PROJECT_VERSION = 1;
				DEVELOPMENT_TEAM = ATN68Q8Z3E;
				GENERATE_INFOPLIST_FILE = YES;
				INFOPLIST_FILE = YandexLecture/Info.plist;
				INFOPLIST_KEY_UIApplicationSupportsIndirectInputEvents = YES;
				INFOPLIST_KEY_UILaunchStoryboardName = LaunchScreen;
				INFOPLIST_KEY_UISupportedInterfaceOrientations_iPad = "UIInterfaceOrientationPortrait UIInterfaceOrientationPortraitUpsideDown UIInterfaceOrientationLandscapeLeft UIInterfaceOrientationLandscapeRight";
				INFOPLIST_KEY_UISupportedInterfaceOrientations_iPhone = "UIInterfaceOrientationPortrait UIInterfaceOrientationLandscapeLeft UIInterfaceOrientationLandscapeRight";
				LD_RUNPATH_SEARCH_PATHS = (
					"$(inherited)",
					"@executable_path/Frameworks",
				);
				MARKETING_VERSION = 1.0;
				PRODUCT_BUNDLE_IDENTIFIER = "Shakhvorostov-Michail.YandexLecture";
				PRODUCT_NAME = "$(TARGET_NAME)";
				SUPPORTED_PLATFORMS = "iphoneos iphonesimulator";
				SUPPORTS_MACCATALYST = NO;
				SUPPORTS_MAC_DESIGNED_FOR_IPHONE_IPAD = NO;
				SWIFT_EMIT_LOC_STRINGS = YES;
				SWIFT_VERSION = 5.0;
				TARGETED_DEVICE_FAMILY = 1;
			};
			name = Release;
		};
/* End XCBuildConfiguration section */

/* Begin XCConfigurationList section */
		D301FD872A31DC88000218F5 /* Build configuration list for PBXProject "YandexLecture" */ = {
			isa = XCConfigurationList;
			buildConfigurations = (
				D301FD9E2A31DC89000218F5 /* Debug */,
				D301FD9F2A31DC89000218F5 /* Release */,
			);
			defaultConfigurationIsVisible = 0;
			defaultConfigurationName = Release;
		};
		D301FDA02A31DC89000218F5 /* Build configuration list for PBXNativeTarget "YandexLecture" */ = {
			isa = XCConfigurationList;
			buildConfigurations = (
				D301FDA12A31DC89000218F5 /* Debug */,
				D301FDA22A31DC89000218F5 /* Release */,
			);
			defaultConfigurationIsVisible = 0;
			defaultConfigurationName = Release;
		};
/* End XCConfigurationList section */
	};
	rootObject = D301FD842A31DC88000218F5 /* Project object */;
}
